{
  "name": "blood-grenade",
  "version": "1.0.0",
  "lockfileVersion": 3,
  "requires": true,
  "packages": {
    "": {
      "name": "blood-grenade",
      "version": "1.0.0",
      "license": "MIT",
      "workspaces": [
        "packages/*"
      ]
    },
    "node_modules/@blood-grenade/example-app": {
      "resolved": "packages/example-app",
      "link": true
    },
    "packages/example-app": {
      "name": "@blood-grenade/example-app",
      "version": "0.0.0-development",
      "license": "MIT"
    }
  }
}
