{
  "name": "__PROJECT_NAME__",
  "version": "1.0.0",
  "lockfileVersion": 3,
  "requires": true,
  "packages": {
    "": {
      "name": "__PROJECT_NAME__",
      "version": "1.0.0",
      "license": "MIT",
      "workspaces": [
        "apps/*"
      ]
    },
    "node_modules/@__PROJECT_NAME__/example": {
      "resolved": "apps/example",
      "link": true
    },
    "apps/example": {
      "name": "@__PROJECT_NAME__/example",
      "version": "0.0.0-development",
      "license": "MIT"
    }
  }
}
